
Microsoft Visual Studio Solution File, Format Version 12.00
# Visual Studio 15
VisualStudioVersion = 15.0.26124.0
MinimumVisualStudioVersion = 15.0.26124.0
Project("{2150E333-8FDC-42A3-9474-1A3956D46DE8}") = "src", "src", "{4CB1AA10-610C-470A-95A2-F01B79A1D11E}"
EndProject
Project("{2150E333-8FDC-42A3-9474-1A3956D46DE8}") = "Bootstrapper", "Bootstrapper", "{1D04B8F1-E2F2-4EF7-A3A5-BB0A2EED6B31}"
EndProject
Project("{FAE04EC0-301F-11D3-BF4B-00C04F79EFBC}") = "Perseus.Bootstrapper", "src\Bootstrapper\Perseus.Bootstrapper\Perseus.Bootstrapper.csproj", "{3889F3C1-1A44-4361-8DEF-6B5991EA1958}"
EndProject
Project("{2150E333-8FDC-42A3-9474-1A3956D46DE8}") = "Shared", "Shared", "{669F1E54-C934-47B1-BA13-779A87CBDD65}"
EndProject
Project("{FAE04EC0-301F-11D3-BF4B-00C04F79EFBC}") = "Perseus.Shared.Infrastructure", "src\Shared\Perseus.Shared.Infrastructure\Perseus.Shared.Infrastructure.csproj", "{8A635ECB-3BC2-4B8C-8D8E-FE7C8BB77CE0}"
EndProject
Project("{FAE04EC0-301F-11D3-BF4B-00C04F79EFBC}") = "Perseus.Shared.Abstractions", "src\Shared\Perseus.Shared.Abstractions\Perseus.Shared.Abstractions.csproj", "{2D8DB44C-C1B3-4C20-B3EB-E1F7656DC500}"
EndProject
Project("{2150E333-8FDC-42A3-9474-1A3956D46DE8}") = "tests", "tests", "{C4B805F1-B7F6-4678-9E28-546C44F52CA5}"
EndProject
Project("{FAE04EC0-301F-11D3-BF4B-00C04F79EFBC}") = "Perseus.Tests.EndToEnd", "tests\Perseus.Tests.EndToEnd\Perseus.Tests.EndToEnd.csproj", "{827BC082-C68D-46A5-BA9B-8151C80F526E}"
EndProject
Project("{2150E333-8FDC-42A3-9474-1A3956D46DE8}") = "Modules", "Modules", "{CF684F81-2F5D-49BB-ADF9-77AF303260D9}"
EndProject
Project("{2150E333-8FDC-42A3-9474-1A3956D46DE8}") = "Assets", "Assets", "{C3F523F2-684E-47DF-ACBE-84868D15FDB3}"
EndProject
Project("{FAE04EC0-301F-11D3-BF4B-00C04F79EFBC}") = "Perseus.Modules.Assets.Api", "src\Modules\Assets\Perseus.Modules.Assets.Api\Perseus.Modules.Assets.Api.csproj", "{ECD14D99-88BE-4ACC-BD26-ACB6E7E09903}"
EndProject
Project("{FAE04EC0-301F-11D3-BF4B-00C04F79EFBC}") = "Perseus.Modules.Assets.Core", "src\Modules\Assets\Perseus.Modules.Assets.Core\Perseus.Modules.Assets.Core.csproj", "{5C020F9D-4C09-45D8-9974-0CC1FE197348}"
EndProject
Global
	GlobalSection(SolutionConfigurationPlatforms) = preSolution
		Debug|Any CPU = Debug|Any CPU
		Debug|x64 = Debug|x64
		Debug|x86 = Debug|x86
		Release|Any CPU = Release|Any CPU
		Release|x64 = Release|x64
		Release|x86 = Release|x86
	EndGlobalSection
	GlobalSection(SolutionProperties) = preSolution
		HideSolutionNode = FALSE
	EndGlobalSection
	GlobalSection(ProjectConfigurationPlatforms) = postSolution
		{3889F3C1-1A44-4361-8DEF-6B5991EA1958}.Debug|Any CPU.ActiveCfg = Debug|Any CPU
		{3889F3C1-1A44-4361-8DEF-6B5991EA1958}.Debug|Any CPU.Build.0 = Debug|Any CPU
		{3889F3C1-1A44-4361-8DEF-6B5991EA1958}.Debug|x64.ActiveCfg = Debug|Any CPU
		{3889F3C1-1A44-4361-8DEF-6B5991EA1958}.Debug|x64.Build.0 = Debug|Any CPU
		{3889F3C1-1A44-4361-8DEF-6B5991EA1958}.Debug|x86.ActiveCfg = Debug|Any CPU
		{3889F3C1-1A44-4361-8DEF-6B5991EA1958}.Debug|x86.Build.0 = Debug|Any CPU
		{3889F3C1-1A44-4361-8DEF-6B5991EA1958}.Release|Any CPU.ActiveCfg = Release|Any CPU
		{3889F3C1-1A44-4361-8DEF-6B5991EA1958}.Release|Any CPU.Build.0 = Release|Any CPU
		{3889F3C1-1A44-4361-8DEF-6B5991EA1958}.Release|x64.ActiveCfg = Release|Any CPU
		{3889F3C1-1A44-4361-8DEF-6B5991EA1958}.Release|x64.Build.0 = Release|Any CPU
		{3889F3C1-1A44-4361-8DEF-6B5991EA1958}.Release|x86.ActiveCfg = Release|Any CPU
		{3889F3C1-1A44-4361-8DEF-6B5991EA1958}.Release|x86.Build.0 = Release|Any CPU
		{8A635ECB-3BC2-4B8C-8D8E-FE7C8BB77CE0}.Debug|Any CPU.ActiveCfg = Debug|Any CPU
		{8A635ECB-3BC2-4B8C-8D8E-FE7C8BB77CE0}.Debug|Any CPU.Build.0 = Debug|Any CPU
		{8A635ECB-3BC2-4B8C-8D8E-FE7C8BB77CE0}.Debug|x64.ActiveCfg = Debug|Any CPU
		{8A635ECB-3BC2-4B8C-8D8E-FE7C8BB77CE0}.Debug|x64.Build.0 = Debug|Any CPU
		{8A635ECB-3BC2-4B8C-8D8E-FE7C8BB77CE0}.Debug|x86.ActiveCfg = Debug|Any CPU
		{8A635ECB-3BC2-4B8C-8D8E-FE7C8BB77CE0}.Debug|x86.Build.0 = Debug|Any CPU
		{8A635ECB-3BC2-4B8C-8D8E-FE7C8BB77CE0}.Release|Any CPU.ActiveCfg = Release|Any CPU
		{8A635ECB-3BC2-4B8C-8D8E-FE7C8BB77CE0}.Release|Any CPU.Build.0 = Release|Any CPU
		{8A635ECB-3BC2-4B8C-8D8E-FE7C8BB77CE0}.Release|x64.ActiveCfg = Release|Any CPU
		{8A635ECB-3BC2-4B8C-8D8E-FE7C8BB77CE0}.Release|x64.Build.0 = Release|Any CPU
		{8A635ECB-3BC2-4B8C-8D8E-FE7C8BB77CE0}.Release|x86.ActiveCfg = Release|Any CPU
		{8A635ECB-3BC2-4B8C-8D8E-FE7C8BB77CE0}.Release|x86.Build.0 = Release|Any CPU
		{2D8DB44C-C1B3-4C20-B3EB-E1F7656DC500}.Debug|Any CPU.ActiveCfg = Debug|Any CPU
		{2D8DB44C-C1B3-4C20-B3EB-E1F7656DC500}.Debug|Any CPU.Build.0 = Debug|Any CPU
		{2D8DB44C-C1B3-4C20-B3EB-E1F7656DC500}.Debug|x64.ActiveCfg = Debug|Any CPU
		{2D8DB44C-C1B3-4C20-B3EB-E1F7656DC500}.Debug|x64.Build.0 = Debug|Any CPU
		{2D8DB44C-C1B3-4C20-B3EB-E1F7656DC500}.Debug|x86.ActiveCfg = Debug|Any CPU
		{2D8DB44C-C1B3-4C20-B3EB-E1F7656DC500}.Debug|x86.Build.0 = Debug|Any CPU
		{2D8DB44C-C1B3-4C20-B3EB-E1F7656DC500}.Release|Any CPU.ActiveCfg = Release|Any CPU
		{2D8DB44C-C1B3-4C20-B3EB-E1F7656DC500}.Release|Any CPU.Build.0 = Release|Any CPU
		{2D8DB44C-C1B3-4C20-B3EB-E1F7656DC500}.Release|x64.ActiveCfg = Release|Any CPU
		{2D8DB44C-C1B3-4C20-B3EB-E1F7656DC500}.Release|x64.Build.0 = Release|Any CPU
		{2D8DB44C-C1B3-4C20-B3EB-E1F7656DC500}.Release|x86.ActiveCfg = Release|Any CPU
		{2D8DB44C-C1B3-4C20-B3EB-E1F7656DC500}.Release|x86.Build.0 = Release|Any CPU
		{827BC082-C68D-46A5-BA9B-8151C80F526E}.Debug|Any CPU.ActiveCfg = Debug|Any CPU
		{827BC082-C68D-46A5-BA9B-8151C80F526E}.Debug|Any CPU.Build.0 = Debug|Any CPU
		{827BC082-C68D-46A5-BA9B-8151C80F526E}.Debug|x64.ActiveCfg = Debug|Any CPU
		{827BC082-C68D-46A5-BA9B-8151C80F526E}.Debug|x64.Build.0 = Debug|Any CPU
		{827BC082-C68D-46A5-BA9B-8151C80F526E}.Debug|x86.ActiveCfg = Debug|Any CPU
		{827BC082-C68D-46A5-BA9B-8151C80F526E}.Debug|x86.Build.0 = Debug|Any CPU
		{827BC082-C68D-46A5-BA9B-8151C80F526E}.Release|Any CPU.ActiveCfg = Release|Any CPU
		{827BC082-C68D-46A5-BA9B-8151C80F526E}.Release|Any CPU.Build.0 = Release|Any CPU
		{827BC082-C68D-46A5-BA9B-8151C80F526E}.Release|x64.ActiveCfg = Release|Any CPU
		{827BC082-C68D-46A5-BA9B-8151C80F526E}.Release|x64.Build.0 = Release|Any CPU
		{827BC082-C68D-46A5-BA9B-8151C80F526E}.Release|x86.ActiveCfg = Release|Any CPU
		{827BC082-C68D-46A5-BA9B-8151C80F526E}.Release|x86.Build.0 = Release|Any CPU
		{ECD14D99-88BE-4ACC-BD26-ACB6E7E09903}.Debug|Any CPU.ActiveCfg = Debug|Any CPU
		{ECD14D99-88BE-4ACC-BD26-ACB6E7E09903}.Debug|Any CPU.Build.0 = Debug|Any CPU
		{ECD14D99-88BE-4ACC-BD26-ACB6E7E09903}.Debug|x64.ActiveCfg = Debug|Any CPU
		{ECD14D99-88BE-4ACC-BD26-ACB6E7E09903}.Debug|x64.Build.0 = Debug|Any CPU
		{ECD14D99-88BE-4ACC-BD26-ACB6E7E09903}.Debug|x86.ActiveCfg = Debug|Any CPU
		{ECD14D99-88BE-4ACC-BD26-ACB6E7E09903}.Debug|x86.Build.0 = Debug|Any CPU
		{ECD14D99-88BE-4ACC-BD26-ACB6E7E09903}.Release|Any CPU.ActiveCfg = Release|Any CPU
		{ECD14D99-88BE-4ACC-BD26-ACB6E7E09903}.Release|Any CPU.Build.0 = Release|Any CPU
		{ECD14D99-88BE-4ACC-BD26-ACB6E7E09903}.Release|x64.ActiveCfg = Release|Any CPU
		{ECD14D99-88BE-4ACC-BD26-ACB6E7E09903}.Release|x64.Build.0 = Release|Any CPU
		{ECD14D99-88BE-4ACC-BD26-ACB6E7E09903}.Release|x86.ActiveCfg = Release|Any CPU
		{ECD14D99-88BE-4ACC-BD26-ACB6E7E09903}.Release|x86.Build.0 = Release|Any CPU
		{5C020F9D-4C09-45D8-9974-0CC1FE197348}.Debug|Any CPU.ActiveCfg = Debug|Any CPU
		{5C020F9D-4C09-45D8-9974-0CC1FE197348}.Debug|Any CPU.Build.0 = Debug|Any CPU
		{5C020F9D-4C09-45D8-9974-0CC1FE197348}.Debug|x64.ActiveCfg = Debug|Any CPU
		{5C020F9D-4C09-45D8-9974-0CC1FE197348}.Debug|x64.Build.0 = Debug|Any CPU
		{5C020F9D-4C09-45D8-9974-0CC1FE197348}.Debug|x86.ActiveCfg = Debug|Any CPU
		{5C020F9D-4C09-45D8-9974-0CC1FE197348}.Debug|x86.Build.0 = Debug|Any CPU
		{5C020F9D-4C09-45D8-9974-0CC1FE197348}.Release|Any CPU.ActiveCfg = Release|Any CPU
		{5C020F9D-4C09-45D8-9974-0CC1FE197348}.Release|Any CPU.Build.0 = Release|Any CPU
		{5C020F9D-4C09-45D8-9974-0CC1FE197348}.Release|x64.ActiveCfg = Release|Any CPU
		{5C020F9D-4C09-45D8-9974-0CC1FE197348}.Release|x64.Build.0 = Release|Any CPU
		{5C020F9D-4C09-45D8-9974-0CC1FE197348}.Release|x86.ActiveCfg = Release|Any CPU
		{5C020F9D-4C09-45D8-9974-0CC1FE197348}.Release|x86.Build.0 = Release|Any CPU
	EndGlobalSection
	GlobalSection(NestedProjects) = preSolution
		{1D04B8F1-E2F2-4EF7-A3A5-BB0A2EED6B31} = {4CB1AA10-610C-470A-95A2-F01B79A1D11E}
		{3889F3C1-1A44-4361-8DEF-6B5991EA1958} = {1D04B8F1-E2F2-4EF7-A3A5-BB0A2EED6B31}
		{669F1E54-C934-47B1-BA13-779A87CBDD65} = {4CB1AA10-610C-470A-95A2-F01B79A1D11E}
		{8A635ECB-3BC2-4B8C-8D8E-FE7C8BB77CE0} = {669F1E54-C934-47B1-BA13-779A87CBDD65}
		{2D8DB44C-C1B3-4C20-B3EB-E1F7656DC500} = {669F1E54-C934-47B1-BA13-779A87CBDD65}
		{827BC082-C68D-46A5-BA9B-8151C80F526E} = {C4B805F1-B7F6-4678-9E28-546C44F52CA5}
		{CF684F81-2F5D-49BB-ADF9-77AF303260D9} = {4CB1AA10-610C-470A-95A2-F01B79A1D11E}
		{C3F523F2-684E-47DF-ACBE-84868D15FDB3} = {CF684F81-2F5D-49BB-ADF9-77AF303260D9}
		{ECD14D99-88BE-4ACC-BD26-ACB6E7E09903} = {C3F523F2-684E-47DF-ACBE-84868D15FDB3}
		{5C020F9D-4C09-45D8-9974-0CC1FE197348} = {C3F523F2-684E-47DF-ACBE-84868D15FDB3}
	EndGlobalSection
EndGlobal
